
Microsoft Visual Studio Solution File, Format Version 12.00
# Visual Studio Version 17
VisualStudioVersion = 17.1.32421.90
MinimumVisualStudioVersion = 10.0.40219.1
Project("{FAE04EC0-301F-11D3-BF4B-00C04F79EFBC}") = "Questao1018", "Questao1018\Questao1018.csproj", "{6C4A9FD7-0F9F-4F94-9BC5-0110E4DC41E1}"
EndProject
Global
	GlobalSection(SolutionConfigurationPlatforms) = preSolution
		Debug|Any CPU = Debug|Any CPU
		Release|Any CPU = Release|Any CPU
	EndGlobalSection
	GlobalSection(ProjectConfigurationPlatforms) = postSolution
		{6C4A9FD7-0F9F-4F94-9BC5-0110E4DC41E1}.Debug|Any CPU.ActiveCfg = Debug|Any CPU
		{6C4A9FD7-0F9F-4F94-9BC5-0110E4DC41E1}.Debug|Any CPU.Build.0 = Debug|Any CPU
		{6C4A9FD7-0F9F-4F94-9BC5-0110E4DC41E1}.Release|Any CPU.ActiveCfg = Release|Any CPU
		{6C4A9FD7-0F9F-4F94-9BC5-0110E4DC41E1}.Release|Any CPU.Build.0 = Release|Any CPU
	EndGlobalSection
	GlobalSection(SolutionProperties) = preSolution
		HideSolutionNode = FALSE
	EndGlobalSection
	GlobalSection(ExtensibilityGlobals) = postSolution
		SolutionGuid = {F6F84A89-3D4D-407D-A0FD-247FC36FC20E}
	EndGlobalSection
EndGlobal
