
Microsoft Visual Studio Solution File, Format Version 12.00
# Visual Studio Version 17
VisualStudioVersion = 17.1.32421.90
MinimumVisualStudioVersion = 10.0.40219.1
Project("{FAE04EC0-301F-11D3-BF4B-00C04F79EFBC}") = "Questao1019", "Questao1019\Questao1019.csproj", "{E64C0130-D43D-4F0E-A359-BEA66C41A26D}"
EndProject
Global
	GlobalSection(SolutionConfigurationPlatforms) = preSolution
		Debug|Any CPU = Debug|Any CPU
		Release|Any CPU = Release|Any CPU
	EndGlobalSection
	GlobalSection(ProjectConfigurationPlatforms) = postSolution
		{E64C0130-D43D-4F0E-A359-BEA66C41A26D}.Debug|Any CPU.ActiveCfg = Debug|Any CPU
		{E64C0130-D43D-4F0E-A359-BEA66C41A26D}.Debug|Any CPU.Build.0 = Debug|Any CPU
		{E64C0130-D43D-4F0E-A359-BEA66C41A26D}.Release|Any CPU.ActiveCfg = Release|Any CPU
		{E64C0130-D43D-4F0E-A359-BEA66C41A26D}.Release|Any CPU.Build.0 = Release|Any CPU
	EndGlobalSection
	GlobalSection(SolutionProperties) = preSolution
		HideSolutionNode = FALSE
	EndGlobalSection
	GlobalSection(ExtensibilityGlobals) = postSolution
		SolutionGuid = {3B3A50A1-508F-4745-B5DA-CC9817FB02FF}
	EndGlobalSection
EndGlobal
